
Microsoft Visual Studio Solution File, Format Version 12.00
# Visual Studio Version 17
VisualStudioVersion = 17.0.31903.59
MinimumVisualStudioVersion = 10.0.40219.1
Project("{9A19103F-16F7-4668-BE54-9A1E7A4F7556}") = "Staircase", "Staircase.csproj", "{9A099497-C3EB-4EC0-8BE1-4BC1B57BC454}"
EndProject
Global
	GlobalSection(SolutionConfigurationPlatforms) = preSolution
		Debug|Any CPU = Debug|Any CPU
		Release|Any CPU = Release|Any CPU
	EndGlobalSection
	GlobalSection(ProjectConfigurationPlatforms) = postSolution
		{9A099497-C3EB-4EC0-8BE1-4BC1B57BC454}.Debug|Any CPU.ActiveCfg = Debug|Any CPU
		{9A099497-C3EB-4EC0-8BE1-4BC1B57BC454}.Debug|Any CPU.Build.0 = Debug|Any CPU
		{9A099497-C3EB-4EC0-8BE1-4BC1B57BC454}.Release|Any CPU.ActiveCfg = Release|Any CPU
		{9A099497-C3EB-4EC0-8BE1-4BC1B57BC454}.Release|Any CPU.Build.0 = Release|Any CPU
	EndGlobalSection
	GlobalSection(SolutionProperties) = preSolution
		HideSolutionNode = FALSE
	EndGlobalSection
	GlobalSection(ExtensibilityGlobals) = postSolution
		SolutionGuid = {55519F76-546B-4851-99A6-A19A6BC307C6}
	EndGlobalSection
EndGlobal
